
Microsoft Visual Studio Solution File, Format Version 12.00
# Visual Studio Version 16
VisualStudioVersion = 16.0.30907.101
MinimumVisualStudioVersion = 10.0.40219.1
Project("{FAE04EC0-301F-11D3-BF4B-00C04F79EFBC}") = "Business", "Business\Business.csproj", "{BD8FAC8A-20AB-4CC6-9EBF-A6AA59684DCA}"
EndProject
Project("{FAE04EC0-301F-11D3-BF4B-00C04F79EFBC}") = "DataAccess", "DataAccess\DataAccess.csproj", "{187519C9-4D63-43AB-8CA9-EE2BB0017F3F}"
EndProject
Project("{FAE04EC0-301F-11D3-BF4B-00C04F79EFBC}") = "Entities", "Entities\Entities.csproj", "{8E55545A-20D7-478F-9FC3-A19B2BDE00F5}"
EndProject
Project("{FAE04EC0-301F-11D3-BF4B-00C04F79EFBC}") = "Console", "Console\Console.csproj", "{305DBB2A-2A8F-4EB6-912A-7FC7EB19938A}"
EndProject
Global
	GlobalSection(SolutionConfigurationPlatforms) = preSolution
		Debug|Any CPU = Debug|Any CPU
		Release|Any CPU = Release|Any CPU
	EndGlobalSection
	GlobalSection(ProjectConfigurationPlatforms) = postSolution
		{BD8FAC8A-20AB-4CC6-9EBF-A6AA59684DCA}.Debug|Any CPU.ActiveCfg = Debug|Any CPU
		{BD8FAC8A-20AB-4CC6-9EBF-A6AA59684DCA}.Debug|Any CPU.Build.0 = Debug|Any CPU
		{BD8FAC8A-20AB-4CC6-9EBF-A6AA59684DCA}.Release|Any CPU.ActiveCfg = Release|Any CPU
		{BD8FAC8A-20AB-4CC6-9EBF-A6AA59684DCA}.Release|Any CPU.Build.0 = Release|Any CPU
		{187519C9-4D63-43AB-8CA9-EE2BB0017F3F}.Debug|Any CPU.ActiveCfg = Debug|Any CPU
		{187519C9-4D63-43AB-8CA9-EE2BB0017F3F}.Debug|Any CPU.Build.0 = Debug|Any CPU
		{187519C9-4D63-43AB-8CA9-EE2BB0017F3F}.Release|Any CPU.ActiveCfg = Release|Any CPU
		{187519C9-4D63-43AB-8CA9-EE2BB0017F3F}.Release|Any CPU.Build.0 = Release|Any CPU
		{8E55545A-20D7-478F-9FC3-A19B2BDE00F5}.Debug|Any CPU.ActiveCfg = Debug|Any CPU
		{8E55545A-20D7-478F-9FC3-A19B2BDE00F5}.Debug|Any CPU.Build.0 = Debug|Any CPU
		{8E55545A-20D7-478F-9FC3-A19B2BDE00F5}.Release|Any CPU.ActiveCfg = Release|Any CPU
		{8E55545A-20D7-478F-9FC3-A19B2BDE00F5}.Release|Any CPU.Build.0 = Release|Any CPU
		{305DBB2A-2A8F-4EB6-912A-7FC7EB19938A}.Debug|Any CPU.ActiveCfg = Debug|Any CPU
		{305DBB2A-2A8F-4EB6-912A-7FC7EB19938A}.Debug|Any CPU.Build.0 = Debug|Any CPU
		{305DBB2A-2A8F-4EB6-912A-7FC7EB19938A}.Release|Any CPU.ActiveCfg = Release|Any CPU
		{305DBB2A-2A8F-4EB6-912A-7FC7EB19938A}.Release|Any CPU.Build.0 = Release|Any CPU
	EndGlobalSection
	GlobalSection(SolutionProperties) = preSolution
		HideSolutionNode = FALSE
	EndGlobalSection
	GlobalSection(ExtensibilityGlobals) = postSolution
		SolutionGuid = {0193B408-718C-42C3-AC00-F8AAAA3E7D5C}
	EndGlobalSection
EndGlobal
