
Microsoft Visual Studio Solution File, Format Version 12.00
# Visual Studio Version 16
VisualStudioVersion = 16.0.31005.135
MinimumVisualStudioVersion = 10.0.40219.1
Project("{9A19103F-16F7-4668-BE54-9A1E7A4F7556}") = "Business", "Business\Business.csproj", "{1093912E-FFAA-4083-B4DC-B35802895B72}"
EndProject
Project("{9A19103F-16F7-4668-BE54-9A1E7A4F7556}") = "Core", "Core\Core.csproj", "{24BEDD35-51AB-462F-9AED-79700EEFC429}"
EndProject
Project("{9A19103F-16F7-4668-BE54-9A1E7A4F7556}") = "DataAccess", "DataAccess\DataAccess.csproj", "{E8ABD37D-D7FA-4183-AF6B-ACF350700471}"
EndProject
Project("{9A19103F-16F7-4668-BE54-9A1E7A4F7556}") = "Entities", "Entities\Entities.csproj", "{B4AC9CDC-70F3-403F-9F3C-7664C4209BFB}"
EndProject
Project("{9A19103F-16F7-4668-BE54-9A1E7A4F7556}") = "Console", "Console\Console.csproj", "{C632BCC2-7DFD-49B5-A9FE-FAAEF52615CE}"
EndProject
Project("{9A19103F-16F7-4668-BE54-9A1E7A4F7556}") = "WebAPI", "WebAPI\WebAPI.csproj", "{D673E9C6-9C77-453E-9317-5039C539E2F6}"
EndProject
Global
	GlobalSection(SolutionConfigurationPlatforms) = preSolution
		Debug|Any CPU = Debug|Any CPU
		Release|Any CPU = Release|Any CPU
	EndGlobalSection
	GlobalSection(ProjectConfigurationPlatforms) = postSolution
		{1093912E-FFAA-4083-B4DC-B35802895B72}.Debug|Any CPU.ActiveCfg = Debug|Any CPU
		{1093912E-FFAA-4083-B4DC-B35802895B72}.Debug|Any CPU.Build.0 = Debug|Any CPU
		{1093912E-FFAA-4083-B4DC-B35802895B72}.Release|Any CPU.ActiveCfg = Release|Any CPU
		{1093912E-FFAA-4083-B4DC-B35802895B72}.Release|Any CPU.Build.0 = Release|Any CPU
		{24BEDD35-51AB-462F-9AED-79700EEFC429}.Debug|Any CPU.ActiveCfg = Debug|Any CPU
		{24BEDD35-51AB-462F-9AED-79700EEFC429}.Debug|Any CPU.Build.0 = Debug|Any CPU
		{24BEDD35-51AB-462F-9AED-79700EEFC429}.Release|Any CPU.ActiveCfg = Release|Any CPU
		{24BEDD35-51AB-462F-9AED-79700EEFC429}.Release|Any CPU.Build.0 = Release|Any CPU
		{E8ABD37D-D7FA-4183-AF6B-ACF350700471}.Debug|Any CPU.ActiveCfg = Debug|Any CPU
		{E8ABD37D-D7FA-4183-AF6B-ACF350700471}.Debug|Any CPU.Build.0 = Debug|Any CPU
		{E8ABD37D-D7FA-4183-AF6B-ACF350700471}.Release|Any CPU.ActiveCfg = Release|Any CPU
		{E8ABD37D-D7FA-4183-AF6B-ACF350700471}.Release|Any CPU.Build.0 = Release|Any CPU
		{B4AC9CDC-70F3-403F-9F3C-7664C4209BFB}.Debug|Any CPU.ActiveCfg = Debug|Any CPU
		{B4AC9CDC-70F3-403F-9F3C-7664C4209BFB}.Debug|Any CPU.Build.0 = Debug|Any CPU
		{B4AC9CDC-70F3-403F-9F3C-7664C4209BFB}.Release|Any CPU.ActiveCfg = Release|Any CPU
		{B4AC9CDC-70F3-403F-9F3C-7664C4209BFB}.Release|Any CPU.Build.0 = Release|Any CPU
		{C632BCC2-7DFD-49B5-A9FE-FAAEF52615CE}.Debug|Any CPU.ActiveCfg = Debug|Any CPU
		{C632BCC2-7DFD-49B5-A9FE-FAAEF52615CE}.Debug|Any CPU.Build.0 = Debug|Any CPU
		{C632BCC2-7DFD-49B5-A9FE-FAAEF52615CE}.Release|Any CPU.ActiveCfg = Release|Any CPU
		{C632BCC2-7DFD-49B5-A9FE-FAAEF52615CE}.Release|Any CPU.Build.0 = Release|Any CPU
		{D673E9C6-9C77-453E-9317-5039C539E2F6}.Debug|Any CPU.ActiveCfg = Debug|Any CPU
		{D673E9C6-9C77-453E-9317-5039C539E2F6}.Debug|Any CPU.Build.0 = Debug|Any CPU
		{D673E9C6-9C77-453E-9317-5039C539E2F6}.Release|Any CPU.ActiveCfg = Release|Any CPU
		{D673E9C6-9C77-453E-9317-5039C539E2F6}.Release|Any CPU.Build.0 = Release|Any CPU
	EndGlobalSection
	GlobalSection(SolutionProperties) = preSolution
		HideSolutionNode = FALSE
	EndGlobalSection
	GlobalSection(ExtensibilityGlobals) = postSolution
		SolutionGuid = {15DADBA7-DDDF-4DBA-881D-7CCB2BBFE7F3}
	EndGlobalSection
EndGlobal
